{
  "name": "custom-audio-player",
  "lockfileVersion": 2,
  "requires": true,
  "packages": {
    "": {
      "dependencies": {
        "dominant-color": "^0.0.1",
        "dominant-color-converter": "^1.1.1"
      }
    },
    "node_modules/dominant-color": {
      "version": "0.0.1",
      "resolved": "https://registry.npmjs.org/dominant-color/-/dominant-color-0.0.1.tgz",
      "integrity": "sha1-jRMh7scWNdm1bLdCznU2NFXq1tQ=",
      "dependencies": {
        "imagemagick": "^0.1.3",
        "rgb-hex": "^1.0.0"
      }
    },
    "node_modules/dominant-color-converter": {
      "version": "1.1.1",
      "resolved": "https://registry.npmjs.org/dominant-color-converter/-/dominant-color-converter-1.1.1.tgz",
      "integrity": "sha512-ROekDaZWaAUCAPj2ccCDXTUyJw+9DzxRgAAgiHtTr5udmEqddLroSt1FrII9uih72h7hBgn51S/9OYAcfVkzKw=="
    },
    "node_modules/imagemagick": {
      "version": "0.1.3",
      "resolved": "https://registry.npmjs.org/imagemagick/-/imagemagick-0.1.3.tgz",
      "integrity": "sha1-dIPOoJO02fLi85aFetyIIbU3xWo="
    },
    "node_modules/rgb-hex": {
      "version": "1.0.0",
      "resolved": "https://registry.npmjs.org/rgb-hex/-/rgb-hex-1.0.0.tgz",
      "integrity": "sha1-v6+M2c2RZLWibXHrTxWgllMks8E=",
      "engines": {
        "node": ">=0.10.0"
      }
    }
  },
  "dependencies": {
    "dominant-color": {
      "version": "0.0.1",
      "resolved": "https://registry.npmjs.org/dominant-color/-/dominant-color-0.0.1.tgz",
      "integrity": "sha1-jRMh7scWNdm1bLdCznU2NFXq1tQ=",
      "requires": {
        "imagemagick": "^0.1.3",
        "rgb-hex": "^1.0.0"
      }
    },
    "dominant-color-converter": {
      "version": "1.1.1",
      "resolved": "https://registry.npmjs.org/dominant-color-converter/-/dominant-color-converter-1.1.1.tgz",
      "integrity": "sha512-ROekDaZWaAUCAPj2ccCDXTUyJw+9DzxRgAAgiHtTr5udmEqddLroSt1FrII9uih72h7hBgn51S/9OYAcfVkzKw=="
    },
    "imagemagick": {
      "version": "0.1.3",
      "resolved": "https://registry.npmjs.org/imagemagick/-/imagemagick-0.1.3.tgz",
      "integrity": "sha1-dIPOoJO02fLi85aFetyIIbU3xWo="
    },
    "rgb-hex": {
      "version": "1.0.0",
      "resolved": "https://registry.npmjs.org/rgb-hex/-/rgb-hex-1.0.0.tgz",
      "integrity": "sha1-v6+M2c2RZLWibXHrTxWgllMks8E="
    }
  }
}
